// !$*UTF8*$!
{
	archiveVersion = 1;
	classes = {
	};
	objectVersion = 56;
	objects = {

/* Begin PBXBuildFile section */
		84066F032A4ED0FB007B6A4D /* AppDelegate.swift in Sources */ = {isa = PBXBuildFile; fileRef = 84066F022A4ED0FB007B6A4D /* AppDelegate.swift */; };
		84066F052A4ED0FB007B6A4D /* SceneDelegate.swift in Sources */ = {isa = PBXBuildFile; fileRef = 84066F042A4ED0FB007B6A4D /* SceneDelegate.swift */; };
		84066F072A4ED0FB007B6A4D /* ViewController.swift in Sources */ = {isa = PBXBuildFile; fileRef = 84066F062A4ED0FB007B6A4D /* ViewController.swift */; };
		84066F0C2A4ED0FE007B6A4D /* Assets.xcassets in Resources */ = {isa = PBXBuildFile; fileRef = 84066F0B2A4ED0FE007B6A4D /* Assets.xcassets */; };
		84066F0F2A4ED0FE007B6A4D /* LaunchScreen.storyboard in Resources */ = {isa = PBXBuildFile; fileRef = 84066F0D2A4ED0FE007B6A4D /* LaunchScreen.storyboard */; };
		84066F172A4ED149007B6A4D /* Main.storyboard in Resources */ = {isa = PBXBuildFile; fileRef = 84066F162A4ED149007B6A4D /* Main.storyboard */; };
		D7EB7930A1E23EC88BF2FBD0 /* Pods_Demo_Tutelar.framework in Frameworks */ = {isa = PBXBuildFile; fileRef = EA7DFC144E1B3E5E39EF7FA4 /* Pods_Demo_Tutelar.framework */; };
/* End PBXBuildFile section */

/* Begin PBXFileReference section */
		4E958F01595F7E8F7B1082F3 /* Pods-Demo_Tutelar.release.xcconfig */ = {isa = PBXFileReference; includeInIndex = 1; lastKnownFileType = text.xcconfig; name = "Pods-Demo_Tutelar.release.xcconfig"; path = "Target Support Files/Pods-Demo_Tutelar/Pods-Demo_Tutelar.release.xcconfig"; sourceTree = "<group>"; };
		84066EFF2A4ED0FB007B6A4D /* Demo_Tutelar.app */ = {isa = PBXFileReference; explicitFileType = wrapper.application; includeInIndex = 0; path = Demo_Tutelar.app; sourceTree = BUILT_PRODUCTS_DIR; };
		84066F022A4ED0FB007B6A4D /* AppDelegate.swift */ = {isa = PBXFileReference; lastKnownFileType = sourcecode.swift; path = AppDelegate.swift; sourceTree = "<group>"; };
		84066F042A4ED0FB007B6A4D /* SceneDelegate.swift */ = {isa = PBXFileReference; lastKnownFileType = sourcecode.swift; path = SceneDelegate.swift; sourceTree = "<group>"; };
		84066F062A4ED0FB007B6A4D /* ViewController.swift */ = {isa = PBXFileReference; lastKnownFileType = sourcecode.swift; path = ViewController.swift; sourceTree = "<group>"; };
		84066F0B2A4ED0FE007B6A4D /* Assets.xcassets */ = {isa = PBXFileReference; lastKnownFileType = folder.assetcatalog; path = Assets.xcassets; sourceTree = "<group>"; };
		84066F0E2A4ED0FE007B6A4D /* Base */ = {isa = PBXFileReference; lastKnownFileType = file.storyboard; name = Base; path = Base.lproj/LaunchScreen.storyboard; sourceTree = "<group>"; };
		84066F102A4ED0FE007B6A4D /* Info.plist */ = {isa = PBXFileReference; lastKnownFileType = text.plist.xml; path = Info.plist; sourceTree = "<group>"; };
		84066F162A4ED149007B6A4D /* Main.storyboard */ = {isa = PBXFileReference; fileEncoding = 4; lastKnownFileType = file.storyboard; path = Main.storyboard; sourceTree = "<group>"; };
		9263A9F0E90DA5F5F216AD1D /* Pods-Demo_Tutelar.debug.xcconfig */ = {isa = PBXFileReference; includeInIndex = 1; lastKnownFileType = text.xcconfig; name = "Pods-Demo_Tutelar.debug.xcconfig"; path = "Target Support Files/Pods-Demo_Tutelar/Pods-Demo_Tutelar.debug.xcconfig"; sourceTree = "<group>"; };
		EA7DFC144E1B3E5E39EF7FA4 /* Pods_Demo_Tutelar.framework */ = {isa = PBXFileReference; explicitFileType = wrapper.framework; includeInIndex = 0; path = Pods_Demo_Tutelar.framework; sourceTree = BUILT_PRODUCTS_DIR; };
/* End PBXFileReference section */

/* Begin PBXFrameworksBuildPhase section */
		84066EFC2A4ED0FB007B6A4D /* Frameworks */ = {
			isa = PBXFrameworksBuildPhase;
			buildActionMask = 2147483647;
			files = (
				D7EB7930A1E23EC88BF2FBD0 /* Pods_Demo_Tutelar.framework in Frameworks */,
			);
			runOnlyForDeploymentPostprocessing = 0;
		};
/* End PBXFrameworksBuildPhase section */

/* Begin PBXGroup section */
		23E9E4FF1BDDB508380A0CC2 /* Pods */ = {
			isa = PBXGroup;
			children = (
				9263A9F0E90DA5F5F216AD1D /* Pods-Demo_Tutelar.debug.xcconfig */,
				4E958F01595F7E8F7B1082F3 /* Pods-Demo_Tutelar.release.xcconfig */,
			);
			path = Pods;
			sourceTree = "<group>";
		};
		5F26FF74F09E9BB3EA2C592F /* Frameworks */ = {
			isa = PBXGroup;
			children = (
				EA7DFC144E1B3E5E39EF7FA4 /* Pods_Demo_Tutelar.framework */,
			);
			name = Frameworks;
			sourceTree = "<group>";
		};
		84066EF62A4ED0FB007B6A4D = {
			isa = PBXGroup;
			children = (
				84066F012A4ED0FB007B6A4D /* Demo_Tutelar */,
				84066F002A4ED0FB007B6A4D /* Products */,
				23E9E4FF1BDDB508380A0CC2 /* Pods */,
				5F26FF74F09E9BB3EA2C592F /* Frameworks */,
			);
			sourceTree = "<group>";
		};
		84066F002A4ED0FB007B6A4D /* Products */ = {
			isa = PBXGroup;
			children = (
				84066EFF2A4ED0FB007B6A4D /* Demo_Tutelar.app */,
			);
			name = Products;
			sourceTree = "<group>";
		};
		84066F012A4ED0FB007B6A4D /* Demo_Tutelar */ = {
			isa = PBXGroup;
			children = (
				84066F022A4ED0FB007B6A4D /* AppDelegate.swift */,
				84066F042A4ED0FB007B6A4D /* SceneDelegate.swift */,
				84066F062A4ED0FB007B6A4D /* ViewController.swift */,
				84066F162A4ED149007B6A4D /* Main.storyboard */,
				84066F0B2A4ED0FE007B6A4D /* Assets.xcassets */,
				84066F0D2A4ED0FE007B6A4D /* LaunchScreen.storyboard */,
				84066F102A4ED0FE007B6A4D /* Info.plist */,
			);
			path = Demo_Tutelar;
			sourceTree = "<group>";
		};
/* End PBXGroup section */

/* Begin PBXNativeTarget section */
		84066EFE2A4ED0FB007B6A4D /* Demo_Tutelar */ = {
			isa = PBXNativeTarget;
			buildConfigurationList = 84066F132A4ED0FE007B6A4D /* Build configuration list for PBXNativeTarget "Demo_Tutelar" */;
			buildPhases = (
				6BA013D7AA67151F9CC5D26A /* [CP] Check Pods Manifest.lock */,
				84066EFB2A4ED0FB007B6A4D /* Sources */,
				84066EFC2A4ED0FB007B6A4D /* Frameworks */,
				84066EFD2A4ED0FB007B6A4D /* Resources */,
				FBEC0DE9D20A5BE0EC43BDFD /* [CP] Embed Pods Frameworks */,
			);
			buildRules = (
			);
			dependencies = (
			);
			name = Demo_Tutelar;
			productName = Demo_Tutelar;
			productReference = 84066EFF2A4ED0FB007B6A4D /* Demo_Tutelar.app */;
			productType = "com.apple.product-type.application";
		};
/* End PBXNativeTarget section */

/* Begin PBXProject section */
		84066EF72A4ED0FB007B6A4D /* Project object */ = {
			isa = PBXProject;
			attributes = {
				BuildIndependentTargetsInParallel = 1;
				LastSwiftUpdateCheck = 1420;
				LastUpgradeCheck = 1420;
				TargetAttributes = {
					84066EFE2A4ED0FB007B6A4D = {
						CreatedOnToolsVersion = 14.2;
					};
				};
			};
			buildConfigurationList = 84066EFA2A4ED0FB007B6A4D /* Build configuration list for PBXProject "Demo_Tutelar" */;
			compatibilityVersion = "Xcode 14.0";
			developmentRegion = en;
			hasScannedForEncodings = 0;
			knownRegions = (
				en,
				Base,
			);
			mainGroup = 84066EF62A4ED0FB007B6A4D;
			productRefGroup = 84066F002A4ED0FB007B6A4D /* Products */;
			projectDirPath = "";
			projectRoot = "";
			targets = (
				84066EFE2A4ED0FB007B6A4D /* Demo_Tutelar */,
			);
		};
/* End PBXProject section */

/* Begin PBXResourcesBuildPhase section */
		84066EFD2A4ED0FB007B6A4D /* Resources */ = {
			isa = PBXResourcesBuildPhase;
			buildActionMask = 2147483647;
			files = (
				84066F0F2A4ED0FE007B6A4D /* LaunchScreen.storyboard in Resources */,
				84066F0C2A4ED0FE007B6A4D /* Assets.xcassets in Resources */,
				84066F172A4ED149007B6A4D /* Main.storyboard in Resources */,
			);
			runOnlyForDeploymentPostprocessing = 0;
		};
/* End PBXResourcesBuildPhase section */

/* Begin PBXShellScriptBuildPhase section */
		6BA013D7AA67151F9CC5D26A /* [CP] Check Pods Manifest.lock */ = {
			isa = PBXShellScriptBuildPhase;
			buildActionMask = 2147483647;
			files = (
			);
			inputFileListPaths = (
			);
			inputPaths = (
				"${PODS_PODFILE_DIR_PATH}/Podfile.lock",
				"${PODS_ROOT}/Manifest.lock",
			);
			name = "[CP] Check Pods Manifest.lock";
			outputFileListPaths = (
			);
			outputPaths = (
				"$(DERIVED_FILE_DIR)/Pods-Demo_Tutelar-checkManifestLockResult.txt",
			);
			runOnlyForDeploymentPostprocessing = 0;
			shellPath = /bin/sh;
			shellScript = "diff \"${PODS_PODFILE_DIR_PATH}/Podfile.lock\" \"${PODS_ROOT}/Manifest.lock\" > /dev/null\nif [ $? != 0 ] ; then\n    # print error to STDERR\n    echo \"error: The sandbox is not in sync with the Podfile.lock. Run 'pod install' or update your CocoaPods installation.\" >&2\n    exit 1\nfi\n# This output is used by Xcode 'outputs' to avoid re-running this script phase.\necho \"SUCCESS\" > \"${SCRIPT_OUTPUT_FILE_0}\"\n";
			showEnvVarsInLog = 0;
		};
		FBEC0DE9D20A5BE0EC43BDFD /* [CP] Embed Pods Frameworks */ = {
			isa = PBXShellScriptBuildPhase;
			buildActionMask = 2147483647;
			files = (
			);
			inputFileListPaths = (
				"${PODS_ROOT}/Target Support Files/Pods-Demo_Tutelar/Pods-Demo_Tutelar-frameworks-${CONFIGURATION}-input-files.xcfilelist",
			);
			name = "[CP] Embed Pods Frameworks";
			outputFileListPaths = (
				"${PODS_ROOT}/Target Support Files/Pods-Demo_Tutelar/Pods-Demo_Tutelar-frameworks-${CONFIGURATION}-output-files.xcfilelist",
			);
			runOnlyForDeploymentPostprocessing = 0;
			shellPath = /bin/sh;
			shellScript = "\"${PODS_ROOT}/Target Support Files/Pods-Demo_Tutelar/Pods-Demo_Tutelar-frameworks.sh\"\n";
			showEnvVarsInLog = 0;
		};
/* End PBXShellScriptBuildPhase section */

/* Begin PBXSourcesBuildPhase section */
		84066EFB2A4ED0FB007B6A4D /* Sources */ = {
			isa = PBXSourcesBuildPhase;
			buildActionMask = 2147483647;
			files = (
				84066F072A4ED0FB007B6A4D /* ViewController.swift in Sources */,
				84066F032A4ED0FB007B6A4D /* AppDelegate.swift in Sources */,
				84066F052A4ED0FB007B6A4D /* SceneDelegate.swift in Sources */,
			);
			runOnlyForDeploymentPostprocessing = 0;
		};
/* End PBXSourcesBuildPhase section */

/* Begin PBXVariantGroup section */
		84066F0D2A4ED0FE007B6A4D /* LaunchScreen.storyboard */ = {
			isa = PBXVariantGroup;
			children = (
				84066F0E2A4ED0FE007B6A4D /* Base */,
			);
			name = LaunchScreen.storyboard;
			sourceTree = "<group>";
		};
/* End PBXVariantGroup section */

/* Begin XCBuildConfiguration section */
		84066F112A4ED0FE007B6A4D /* Debug */ = {
			isa = XCBuildConfiguration;
			buildSettings = {
				ALWAYS_SEARCH_USER_PATHS = NO;
				CLANG_ANALYZER_NONNULL = YES;
				CLANG_ANALYZER_NUMBER_OBJECT_CONVERSION = YES_AGGRESSIVE;
				CLANG_CXX_LANGUAGE_STANDARD = "gnu++20";
				CLANG_ENABLE_MODULES = YES;
				CLANG_ENABLE_OBJC_ARC = YES;
				CLANG_ENABLE_OBJC_WEAK = YES;
				CLANG_WARN_BLOCK_CAPTURE_AUTORELEASING = YES;
				CLANG_WARN_BOOL_CONVERSION = YES;
				CLANG_WARN_COMMA = YES;
				CLANG_WARN_CONSTANT_CONVERSION = YES;
				CLANG_WARN_DEPRECATED_OBJC_IMPLEMENTATIONS = YES;
				CLANG_WARN_DIRECT_OBJC_ISA_USAGE = YES_ERROR;
				CLANG_WARN_DOCUMENTATION_COMMENTS = YES;
				CLANG_WARN_EMPTY_BODY = YES;
				CLANG_WARN_ENUM_CONVERSION = YES;
				CLANG_WARN_INFINITE_RECURSION = YES;
				CLANG_WARN_INT_CONVERSION = YES;
				CLANG_WARN_NON_LITERAL_NULL_CONVERSION = YES;
				CLANG_WARN_OBJC_IMPLICIT_RETAIN_SELF = YES;
				CLANG_WARN_OBJC_LITERAL_CONVERSION = YES;
				CLANG_WARN_OBJC_ROOT_CLASS = YES_ERROR;
				CLANG_WARN_QUOTED_INCLUDE_IN_FRAMEWORK_HEADER = YES;
				CLANG_WARN_RANGE_LOOP_ANALYSIS = YES;
				CLANG_WARN_STRICT_PROTOTYPES = YES;
				CLANG_WARN_SUSPICIOUS_MOVE = YES;
				CLANG_WARN_UNGUARDED_AVAILABILITY = YES_AGGRESSIVE;
				CLANG_WARN_UNREACHABLE_CODE = YES;
				CLANG_WARN__DUPLICATE_METHOD_MATCH = YES;
				COPY_PHASE_STRIP = NO;
				DEBUG_INFORMATION_FORMAT = dwarf;
				ENABLE_STRICT_OBJC_MSGSEND = YES;
				ENABLE_TESTABILITY = YES;
				GCC_C_LANGUAGE_STANDARD = gnu11;
				GCC_DYNAMIC_NO_PIC = NO;
				GCC_NO_COMMON_BLOCKS = YES;
				GCC_OPTIMIZATION_LEVEL = 0;
				GCC_PREPROCESSOR_DEFINITIONS = (
					"DEBUG=1",
					"$(inherited)",
				);
				GCC_WARN_64_TO_32_BIT_CONVERSION = YES;
				GCC_WARN_ABOUT_RETURN_TYPE = YES_ERROR;
				GCC_WARN_UNDECLARED_SELECTOR = YES;
				GCC_WARN_UNINITIALIZED_AUTOS = YES_AGGRESSIVE;
				GCC_WARN_UNUSED_FUNCTION = YES;
				GCC_WARN_UNUSED_VARIABLE = YES;
				IPHONEOS_DEPLOYMENT_TARGET = 16.2;
				MTL_ENABLE_DEBUG_INFO = INCLUDE_SOURCE;
				MTL_FAST_MATH = YES;
				ONLY_ACTIVE_ARCH = YES;
				SDKROOT = iphoneos;
				SWIFT_ACTIVE_COMPILATION_CONDITIONS = DEBUG;
				SWIFT_OPTIMIZATION_LEVEL = "-Onone";
			};
			name = Debug;
		};
		84066F122A4ED0FE007B6A4D /* Release */ = {
			isa = XCBuildConfiguration;
			buildSettings = {
				ALWAYS_SEARCH_USER_PATHS = NO;
				CLANG_ANALYZER_NONNULL = YES;
				CLANG_ANALYZER_NUMBER_OBJECT_CONVERSION = YES_AGGRESSIVE;
				CLANG_CXX_LANGUAGE_STANDARD = "gnu++20";
				CLANG_ENABLE_MODULES = YES;
				CLANG_ENABLE_OBJC_ARC = YES;
				CLANG_ENABLE_OBJC_WEAK = YES;
				CLANG_WARN_BLOCK_CAPTURE_AUTORELEASING = YES;
				CLANG_WARN_BOOL_CONVERSION = YES;
				CLANG_WARN_COMMA = YES;
				CLANG_WARN_CONSTANT_CONVERSION = YES;
				CLANG_WARN_DEPRECATED_OBJC_IMPLEMENTATIONS = YES;
				CLANG_WARN_DIRECT_OBJC_ISA_USAGE = YES_ERROR;
				CLANG_WARN_DOCUMENTATION_COMMENTS = YES;
				CLANG_WARN_EMPTY_BODY = YES;
				CLANG_WARN_ENUM_CONVERSION = YES;
				CLANG_WARN_INFINITE_RECURSION = YES;
				CLANG_WARN_INT_CONVERSION = YES;
				CLANG_WARN_NON_LITERAL_NULL_CONVERSION = YES;
				CLANG_WARN_OBJC_IMPLICIT_RETAIN_SELF = YES;
				CLANG_WARN_OBJC_LITERAL_CONVERSION = YES;
				CLANG_WARN_OBJC_ROOT_CLASS = YES_ERROR;
				CLANG_WARN_QUOTED_INCLUDE_IN_FRAMEWORK_HEADER = YES;
				CLANG_WARN_RANGE_LOOP_ANALYSIS = YES;
				CLANG_WARN_STRICT_PROTOTYPES = YES;
				CLANG_WARN_SUSPICIOUS_MOVE = YES;
				CLANG_WARN_UNGUARDED_AVAILABILITY = YES_AGGRESSIVE;
				CLANG_WARN_UNREACHABLE_CODE = YES;
				CLANG_WARN__DUPLICATE_METHOD_MATCH = YES;
				COPY_PHASE_STRIP = NO;
				DEBUG_INFORMATION_FORMAT = "dwarf-with-dsym";
				ENABLE_NS_ASSERTIONS = NO;
				ENABLE_STRICT_OBJC_MSGSEND = YES;
				GCC_C_LANGUAGE_STANDARD = gnu11;
				GCC_NO_COMMON_BLOCKS = YES;
				GCC_WARN_64_TO_32_BIT_CONVERSION = YES;
				GCC_WARN_ABOUT_RETURN_TYPE = YES_ERROR;
				GCC_WARN_UNDECLARED_SELECTOR = YES;
				GCC_WARN_UNINITIALIZED_AUTOS = YES_AGGRESSIVE;
				GCC_WARN_UNUSED_FUNCTION = YES;
				GCC_WARN_UNUSED_VARIABLE = YES;
				IPHONEOS_DEPLOYMENT_TARGET = 16.2;
				MTL_ENABLE_DEBUG_INFO = NO;
				MTL_FAST_MATH = YES;
				SDKROOT = iphoneos;
				SWIFT_COMPILATION_MODE = wholemodule;
				SWIFT_OPTIMIZATION_LEVEL = "-O";
				VALIDATE_PRODUCT = YES;
			};
			name = Release;
		};
		84066F142A4ED0FE007B6A4D /* Debug */ = {
			isa = XCBuildConfiguration;
			baseConfigurationReference = 9263A9F0E90DA5F5F216AD1D /* Pods-Demo_Tutelar.debug.xcconfig */;
			buildSettings = {
				ASSETCATALOG_COMPILER_APPICON_NAME = AppIcon;
				ASSETCATALOG_COMPILER_GLOBAL_ACCENT_COLOR_NAME = AccentColor;
				CODE_SIGN_STYLE = Automatic;
				CURRENT_PROJECT_VERSION = 1;
				DEVELOPMENT_TEAM = N9HNYYH22C;
				GENERATE_INFOPLIST_FILE = YES;
				INFOPLIST_FILE = Demo_Tutelar/Info.plist;
				INFOPLIST_KEY_UIApplicationSupportsIndirectInputEvents = YES;
				INFOPLIST_KEY_UILaunchStoryboardName = LaunchScreen;
				INFOPLIST_KEY_UIMainStoryboardFile = Main;
				INFOPLIST_KEY_UISupportedInterfaceOrientations_iPad = "UIInterfaceOrientationPortrait UIInterfaceOrientationPortraitUpsideDown UIInterfaceOrientationLandscapeLeft UIInterfaceOrientationLandscapeRight";
				INFOPLIST_KEY_UISupportedInterfaceOrientations_iPhone = "UIInterfaceOrientationPortrait UIInterfaceOrientationLandscapeLeft UIInterfaceOrientationLandscapeRight";
				IPHONEOS_DEPLOYMENT_TARGET = 13.0;
				LD_RUNPATH_SEARCH_PATHS = (
					"$(inherited)",
					"@executable_path/Frameworks",
				);
				MARKETING_VERSION = 1.0;
				PRODUCT_BUNDLE_IDENTIFIER = com.Tutelar;
				PRODUCT_NAME = "$(TARGET_NAME)";
				SWIFT_EMIT_LOC_STRINGS = YES;
				SWIFT_VERSION = 5.0;
				TARGETED_DEVICE_FAMILY = "1,2";
			};
			name = Debug;
		};
		84066F152A4ED0FE007B6A4D /* Release */ = {
			isa = XCBuildConfiguration;
			baseConfigurationReference = 4E958F01595F7E8F7B1082F3 /* Pods-Demo_Tutelar.release.xcconfig */;
			buildSettings = {
				ASSETCATALOG_COMPILER_APPICON_NAME = AppIcon;
				ASSETCATALOG_COMPILER_GLOBAL_ACCENT_COLOR_NAME = AccentColor;
				CODE_SIGN_STYLE = Automatic;
				CURRENT_PROJECT_VERSION = 1;
				DEVELOPMENT_TEAM = N9HNYYH22C;
				GENERATE_INFOPLIST_FILE = YES;
				INFOPLIST_FILE = Demo_Tutelar/Info.plist;
				INFOPLIST_KEY_UIApplicationSupportsIndirectInputEvents = YES;
				INFOPLIST_KEY_UILaunchStoryboardName = LaunchScreen;
				INFOPLIST_KEY_UIMainStoryboardFile = Main;
				INFOPLIST_KEY_UISupportedInterfaceOrientations_iPad = "UIInterfaceOrientationPortrait UIInterfaceOrientationPortraitUpsideDown UIInterfaceOrientationLandscapeLeft UIInterfaceOrientationLandscapeRight";
				INFOPLIST_KEY_UISupportedInterfaceOrientations_iPhone = "UIInterfaceOrientationPortrait UIInterfaceOrientationLandscapeLeft UIInterfaceOrientationLandscapeRight";
				IPHONEOS_DEPLOYMENT_TARGET = 13.0;
				LD_RUNPATH_SEARCH_PATHS = (
					"$(inherited)",
					"@executable_path/Frameworks",
				);
				MARKETING_VERSION = 1.0;
				PRODUCT_BUNDLE_IDENTIFIER = com.Tutelar;
				PRODUCT_NAME = "$(TARGET_NAME)";
				SWIFT_EMIT_LOC_STRINGS = YES;
				SWIFT_VERSION = 5.0;
				TARGETED_DEVICE_FAMILY = "1,2";
			};
			name = Release;
		};
/* End XCBuildConfiguration section */

/* Begin XCConfigurationList section */
		84066EFA2A4ED0FB007B6A4D /* Build configuration list for PBXProject "Demo_Tutelar" */ = {
			isa = XCConfigurationList;
			buildConfigurations = (
				84066F112A4ED0FE007B6A4D /* Debug */,
				84066F122A4ED0FE007B6A4D /* Release */,
			);
			defaultConfigurationIsVisible = 0;
			defaultConfigurationName = Release;
		};
		84066F132A4ED0FE007B6A4D /* Build configuration list for PBXNativeTarget "Demo_Tutelar" */ = {
			isa = XCConfigurationList;
			buildConfigurations = (
				84066F142A4ED0FE007B6A4D /* Debug */,
				84066F152A4ED0FE007B6A4D /* Release */,
			);
			defaultConfigurationIsVisible = 0;
			defaultConfigurationName = Release;
		};
/* End XCConfigurationList section */
	};
	rootObject = 84066EF72A4ED0FB007B6A4D /* Project object */;
}
